
Microsoft Visual Studio Solution File, Format Version 12.00
# Visual Studio Version 17
VisualStudioVersion = 17.11.35312.102
MinimumVisualStudioVersion = 10.0.40219.1
Project("{FAE04EC0-301F-11D3-BF4B-00C04F79EFBC}") = "keygen-for-999s-License-Keygen-Crackme", "keygen-for-999s-License-Keygen-Crackme\keygen-for-999s-License-Keygen-Crackme.csproj", "{F77DBB51-6D73-46C4-BCA6-EED225F06A46}"
EndProject
Global
	GlobalSection(SolutionConfigurationPlatforms) = preSolution
		Debug|Any CPU = Debug|Any CPU
		Release|Any CPU = Release|Any CPU
	EndGlobalSection
	GlobalSection(ProjectConfigurationPlatforms) = postSolution
		{F77DBB51-6D73-46C4-BCA6-EED225F06A46}.Debug|Any CPU.ActiveCfg = Debug|Any CPU
		{F77DBB51-6D73-46C4-BCA6-EED225F06A46}.Debug|Any CPU.Build.0 = Debug|Any CPU
		{F77DBB51-6D73-46C4-BCA6-EED225F06A46}.Release|Any CPU.ActiveCfg = Release|Any CPU
		{F77DBB51-6D73-46C4-BCA6-EED225F06A46}.Release|Any CPU.Build.0 = Release|Any CPU
	EndGlobalSection
	GlobalSection(SolutionProperties) = preSolution
		HideSolutionNode = FALSE
	EndGlobalSection
	GlobalSection(ExtensibilityGlobals) = postSolution
		SolutionGuid = {CC15CD73-31D0-451B-944F-9243BC8D9A22}
	EndGlobalSection
EndGlobal
